
Microsoft Visual Studio Solution File, Format Version 12.00
# Visual Studio Version 17
VisualStudioVersion = 17.0.31903.59
MinimumVisualStudioVersion = 10.0.40219.1
Project("{2150E333-8FDC-42A3-9474-1A3956D46DE8}") = "mouseutils", "mouseutils", "{CDCACED8-01E0-946F-CE03-1CB45B041332}"
EndProject
Project("{FAE04EC0-301F-11D3-BF4B-00C04F79EFBC}") = "MouseAutomation", "mouseutils\MouseAutomation.csproj", "{31321700-1B2C-4DF5-B6C5-BCCD32910C9C}"
EndProject
Project("{FAE04EC0-301F-11D3-BF4B-00C04F79EFBC}") = "MouseUtils.Tests", "mouseutils\MouseUtils.Tests\MouseUtils.Tests.csproj", "{A156BF8B-043E-47B0-97AB-CC08D67E710E}"
EndProject
Project("{2150E333-8FDC-42A3-9474-1A3956D46DE8}") = "screencaptureutils", "screencaptureutils", "{A6A20304-7229-D7EA-BEB0-AF5524780D24}"
EndProject
Project("{FAE04EC0-301F-11D3-BF4B-00C04F79EFBC}") = "ScreenCaptureUtils", "screencaptureutils\ScreenCaptureUtils.csproj", "{16D0105C-6B68-4FDB-A8C3-98731E192368}"
EndProject
Project("{FAE04EC0-301F-11D3-BF4B-00C04F79EFBC}") = "ScreenCaptureUtils.Tests", "screencaptureutils\ScreenCaptureUtils.Tests\ScreenCaptureUtils.Tests.csproj", "{50B2F8B7-DE3D-4818-9248-DDECCCF933E0}"
EndProject
Project("{2150E333-8FDC-42A3-9474-1A3956D46DE8}") = "keyboardutils", "keyboardutils", "{11BA1C56-8212-3D32-2AC1-634A9E9255CD}"
EndProject
Project("{FAE04EC0-301F-11D3-BF4B-00C04F79EFBC}") = "KeyboardUtils", "keyboardutils\KeyboardUtils.csproj", "{CC6A4C52-119B-4919-A554-CF69F93C8E7E}"
EndProject
Project("{2150E333-8FDC-42A3-9474-1A3956D46DE8}") = "windowutils", "windowutils", "{A325CC2B-178A-5D68-E280-D7D79B129E2D}"
EndProject
Project("{FAE04EC0-301F-11D3-BF4B-00C04F79EFBC}") = "WindowUtils", "windowutils\WindowUtils.csproj", "{E002BD3E-15D9-4D72-86BA-D42AD2A254C4}"
EndProject
Project("{2150E333-8FDC-42A3-9474-1A3956D46DE8}") = "ocrutils", "ocrutils", "{CB233BCB-9E6B-80D4-8D03-EBCA7BAD30C7}"
EndProject
Project("{FAE04EC0-301F-11D3-BF4B-00C04F79EFBC}") = "OcrUtils", "ocrutils\OcrUtils.csproj", "{F24356AE-040B-48F1-B365-D1F8926EC6CB}"
EndProject
Project("{FAE04EC0-301F-11D3-BF4B-00C04F79EFBC}") = "OcrUtils.Tests", "ocrutils\OcrUtils.Tests\OcrUtils.Tests.csproj", "{7C2E91ED-3FE1-4567-AFA3-418614BD0E6F}"
EndProject
Project("{2150E333-8FDC-42A3-9474-1A3956D46DE8}") = "dialogutils", "dialogutils", "{7BEF3866-56CB-05A0-E590-ECCDA1FD844B}"
EndProject
Project("{FAE04EC0-301F-11D3-BF4B-00C04F79EFBC}") = "DialogUtils", "dialogutils\DialogUtils.csproj", "{098550B1-8237-47C8-B2D6-1C7F0CF9B46B}"
EndProject
Project("{2150E333-8FDC-42A3-9474-1A3956D46DE8}") = "uiautomationutils", "uiautomationutils", "{68851BBF-9C41-94B5-F70E-C3A28E90434C}"
EndProject
Project("{FAE04EC0-301F-11D3-BF4B-00C04F79EFBC}") = "UIAutomationUtils", "uiautomationutils\UIAutomationUtils.csproj", "{11666337-E7B6-4D4A-A356-EE1563D3E9E2}"
EndProject
Project("{2150E333-8FDC-42A3-9474-1A3956D46DE8}") = "commandlineutils", "commandlineutils", "{FD25A030-B71C-C3CC-0692-32BE45236A50}"
EndProject
Project("{FAE04EC0-301F-11D3-BF4B-00C04F79EFBC}") = "CommandLineUtils", "commandlineutils\CommandLineUtils.csproj", "{44B95C46-1620-4A68-B77D-520366E144F7}"
EndProject
Project("{2150E333-8FDC-42A3-9474-1A3956D46DE8}") = "serviceutils", "serviceutils", "{FC5EFD15-23E5-E65A-37A8-9140C32AFA2F}"
EndProject
Project("{FAE04EC0-301F-11D3-BF4B-00C04F79EFBC}") = "ServiceUtils", "serviceutils\ServiceUtils.csproj", "{22E872FB-D8ED-4E5E-A479-E88DB6134308}"
EndProject
Project("{2150E333-8FDC-42A3-9474-1A3956D46DE8}") = "eventlogutils", "eventlogutils", "{0E6AE0D0-7338-4417-867A-2AC698349859}"
EndProject
Project("{FAE04EC0-301F-11D3-BF4B-00C04F79EFBC}") = "EventLogUtils", "eventlogutils\EventLogUtils.csproj", "{6A389139-4420-4DA5-AC7F-0D7760508486}"
EndProject
Project("{FAE04EC0-301F-11D3-BF4B-00C04F79EFBC}") = "EventLogUtils.Tests", "eventlogutils\EventLogUtils.Tests\EventLogUtils.Tests.csproj", "{C3D276FA-7B7B-4523-9C47-73A16F46931E}"
EndProject
Project("{FAE04EC0-301F-11D3-BF4B-00C04F79EFBC}") = "DialogUtils.Tests", "dialogutils\DialogUtils.Tests\DialogUtils.Tests.csproj", "{B69730C3-CC1F-4315-AA43-E1412AD96503}"
EndProject
Project("{FAE04EC0-301F-11D3-BF4B-00C04F79EFBC}") = "CommandLineUtils.Tests", "commandlineutils\CommandLineUtils.Tests\CommandLineUtils.Tests.csproj", "{BCA33886-0BA9-4D63-ABB7-2108A97898EF}"
EndProject
Project("{2150E333-8FDC-42A3-9474-1A3956D46DE8}") = "eventutils", "eventutils", "{9E3E4913-7E10-9607-0F97-F12A9A4FD240}"
EndProject
Project("{FAE04EC0-301F-11D3-BF4B-00C04F79EFBC}") = "EventUtils", "eventutils\EventUtils.csproj", "{29043F2D-ADFA-42C9-B032-407A5E0210D1}"
EndProject
Project("{FAE04EC0-301F-11D3-BF4B-00C04F79EFBC}") = "EventUtils.Tests", "eventutils\EventUtils.Tests\EventUtils.Tests.csproj", "{5B6EF467-A0CE-474B-87F0-F07FD2309CD3}"
EndProject
Project("{FAE04EC0-301F-11D3-BF4B-00C04F79EFBC}") = "WindowUtils.Tests", "windowutils\WindowUtils.Tests\WindowUtils.Tests.csproj", "{4D9A7C31-8E52-4B6F-A7D3-1E9C58D2F4B8}"
EndProject
Project("{FAE04EC0-301F-11D3-BF4B-00C04F79EFBC}") = "UIAutomation.Tests", "uiautomationutils\UIAutomation.Tests\UIAutomation.Tests.csproj", "{2E8B41C5-9F63-4D07-B4A2-6C1F93E7D5A9}"
EndProject
Project("{FAE04EC0-301F-11D3-BF4B-00C04F79EFBC}") = "ServiceUtils.Tests", "serviceutils\ServiceUtils.Tests\ServiceUtils.Tests.csproj", "{402A5F44-8EC0-410F-8915-9E0C83C9F8DB}"
EndProject
Project("{FAE04EC0-301F-11D3-BF4B-00C04F79EFBC}") = "KeyboardUtils.Tests", "keyboardutils\KeyboardUtils.Tests\KeyboardUtils.Tests.csproj", "{E497E402-53BA-430A-9E80-FC1235A3EED5}"
EndProject
Global
	GlobalSection(SolutionConfigurationPlatforms) = preSolution
		Debug|Any CPU = Debug|Any CPU
		Debug|x64 = Debug|x64
		Debug|x86 = Debug|x86
		Release|Any CPU = Release|Any CPU
		Release|x64 = Release|x64
		Release|x86 = Release|x86
	EndGlobalSection
	GlobalSection(ProjectConfigurationPlatforms) = postSolution
		{31321700-1B2C-4DF5-B6C5-BCCD32910C9C}.Debug|Any CPU.ActiveCfg = Debug|Any CPU
		{31321700-1B2C-4DF5-B6C5-BCCD32910C9C}.Debug|Any CPU.Build.0 = Debug|Any CPU
		{31321700-1B2C-4DF5-B6C5-BCCD32910C9C}.Debug|x64.ActiveCfg = Debug|x64
		{31321700-1B2C-4DF5-B6C5-BCCD32910C9C}.Debug|x64.Build.0 = Debug|x64
		{31321700-1B2C-4DF5-B6C5-BCCD32910C9C}.Debug|x86.ActiveCfg = Debug|Any CPU
		{31321700-1B2C-4DF5-B6C5-BCCD32910C9C}.Debug|x86.Build.0 = Debug|Any CPU
		{31321700-1B2C-4DF5-B6C5-BCCD32910C9C}.Release|Any CPU.ActiveCfg = Release|Any CPU
		{31321700-1B2C-4DF5-B6C5-BCCD32910C9C}.Release|Any CPU.Build.0 = Release|Any CPU
		{31321700-1B2C-4DF5-B6C5-BCCD32910C9C}.Release|x64.ActiveCfg = Release|x64
		{31321700-1B2C-4DF5-B6C5-BCCD32910C9C}.Release|x64.Build.0 = Release|x64
		{31321700-1B2C-4DF5-B6C5-BCCD32910C9C}.Release|x86.ActiveCfg = Release|Any CPU
		{31321700-1B2C-4DF5-B6C5-BCCD32910C9C}.Release|x86.Build.0 = Release|Any CPU
		{A156BF8B-043E-47B0-97AB-CC08D67E710E}.Debug|Any CPU.ActiveCfg = Debug|Any CPU
		{A156BF8B-043E-47B0-97AB-CC08D67E710E}.Debug|Any CPU.Build.0 = Debug|Any CPU
		{A156BF8B-043E-47B0-97AB-CC08D67E710E}.Debug|x64.ActiveCfg = Debug|x64
		{A156BF8B-043E-47B0-97AB-CC08D67E710E}.Debug|x64.Build.0 = Debug|x64
		{A156BF8B-043E-47B0-97AB-CC08D67E710E}.Debug|x86.ActiveCfg = Debug|Any CPU
		{A156BF8B-043E-47B0-97AB-CC08D67E710E}.Debug|x86.Build.0 = Debug|Any CPU
		{A156BF8B-043E-47B0-97AB-CC08D67E710E}.Release|Any CPU.ActiveCfg = Release|Any CPU
		{A156BF8B-043E-47B0-97AB-CC08D67E710E}.Release|Any CPU.Build.0 = Release|Any CPU
		{A156BF8B-043E-47B0-97AB-CC08D67E710E}.Release|x64.ActiveCfg = Release|x64
		{A156BF8B-043E-47B0-97AB-CC08D67E710E}.Release|x64.Build.0 = Release|x64
		{A156BF8B-043E-47B0-97AB-CC08D67E710E}.Release|x86.ActiveCfg = Release|Any CPU
		{A156BF8B-043E-47B0-97AB-CC08D67E710E}.Release|x86.Build.0 = Release|Any CPU
		{16D0105C-6B68-4FDB-A8C3-98731E192368}.Debug|Any CPU.ActiveCfg = Debug|Any CPU
		{16D0105C-6B68-4FDB-A8C3-98731E192368}.Debug|Any CPU.Build.0 = Debug|Any CPU
		{16D0105C-6B68-4FDB-A8C3-98731E192368}.Debug|x64.ActiveCfg = Debug|x64
		{16D0105C-6B68-4FDB-A8C3-98731E192368}.Debug|x64.Build.0 = Debug|x64
		{16D0105C-6B68-4FDB-A8C3-98731E192368}.Debug|x86.ActiveCfg = Debug|Any CPU
		{16D0105C-6B68-4FDB-A8C3-98731E192368}.Debug|x86.Build.0 = Debug|Any CPU
		{16D0105C-6B68-4FDB-A8C3-98731E192368}.Release|Any CPU.ActiveCfg = Release|Any CPU
		{16D0105C-6B68-4FDB-A8C3-98731E192368}.Release|Any CPU.Build.0 = Release|Any CPU
		{16D0105C-6B68-4FDB-A8C3-98731E192368}.Release|x64.ActiveCfg = Release|x64
		{16D0105C-6B68-4FDB-A8C3-98731E192368}.Release|x64.Build.0 = Release|x64
		{16D0105C-6B68-4FDB-A8C3-98731E192368}.Release|x86.ActiveCfg = Release|Any CPU
		{16D0105C-6B68-4FDB-A8C3-98731E192368}.Release|x86.Build.0 = Release|Any CPU
		{50B2F8B7-DE3D-4818-9248-DDECCCF933E0}.Debug|Any CPU.ActiveCfg = Debug|Any CPU
		{50B2F8B7-DE3D-4818-9248-DDECCCF933E0}.Debug|Any CPU.Build.0 = Debug|Any CPU
		{50B2F8B7-DE3D-4818-9248-DDECCCF933E0}.Debug|x64.ActiveCfg = Debug|x64
		{50B2F8B7-DE3D-4818-9248-DDECCCF933E0}.Debug|x64.Build.0 = Debug|x64
		{50B2F8B7-DE3D-4818-9248-DDECCCF933E0}.Debug|x86.ActiveCfg = Debug|Any CPU
		{50B2F8B7-DE3D-4818-9248-DDECCCF933E0}.Debug|x86.Build.0 = Debug|Any CPU
		{50B2F8B7-DE3D-4818-9248-DDECCCF933E0}.Release|Any CPU.ActiveCfg = Release|Any CPU
		{50B2F8B7-DE3D-4818-9248-DDECCCF933E0}.Release|Any CPU.Build.0 = Release|Any CPU
		{50B2F8B7-DE3D-4818-9248-DDECCCF933E0}.Release|x64.ActiveCfg = Release|x64
		{50B2F8B7-DE3D-4818-9248-DDECCCF933E0}.Release|x64.Build.0 = Release|x64
		{50B2F8B7-DE3D-4818-9248-DDECCCF933E0}.Release|x86.ActiveCfg = Release|Any CPU
		{50B2F8B7-DE3D-4818-9248-DDECCCF933E0}.Release|x86.Build.0 = Release|Any CPU
		{CC6A4C52-119B-4919-A554-CF69F93C8E7E}.Debug|Any CPU.ActiveCfg = Debug|Any CPU
		{CC6A4C52-119B-4919-A554-CF69F93C8E7E}.Debug|Any CPU.Build.0 = Debug|Any CPU
		{CC6A4C52-119B-4919-A554-CF69F93C8E7E}.Debug|x64.ActiveCfg = Debug|x64
		{CC6A4C52-119B-4919-A554-CF69F93C8E7E}.Debug|x64.Build.0 = Debug|x64
		{CC6A4C52-119B-4919-A554-CF69F93C8E7E}.Debug|x86.ActiveCfg = Debug|Any CPU
		{CC6A4C52-119B-4919-A554-CF69F93C8E7E}.Debug|x86.Build.0 = Debug|Any CPU
		{CC6A4C52-119B-4919-A554-CF69F93C8E7E}.Release|Any CPU.ActiveCfg = Release|Any CPU
		{CC6A4C52-119B-4919-A554-CF69F93C8E7E}.Release|Any CPU.Build.0 = Release|Any CPU
		{CC6A4C52-119B-4919-A554-CF69F93C8E7E}.Release|x64.ActiveCfg = Release|x64
		{CC6A4C52-119B-4919-A554-CF69F93C8E7E}.Release|x64.Build.0 = Release|x64
		{CC6A4C52-119B-4919-A554-CF69F93C8E7E}.Release|x86.ActiveCfg = Release|Any CPU
		{CC6A4C52-119B-4919-A554-CF69F93C8E7E}.Release|x86.Build.0 = Release|Any CPU
		{E002BD3E-15D9-4D72-86BA-D42AD2A254C4}.Debug|Any CPU.ActiveCfg = Debug|Any CPU
		{E002BD3E-15D9-4D72-86BA-D42AD2A254C4}.Debug|Any CPU.Build.0 = Debug|Any CPU
		{E002BD3E-15D9-4D72-86BA-D42AD2A254C4}.Debug|x64.ActiveCfg = Debug|x64
		{E002BD3E-15D9-4D72-86BA-D42AD2A254C4}.Debug|x64.Build.0 = Debug|x64
		{E002BD3E-15D9-4D72-86BA-D42AD2A254C4}.Debug|x86.ActiveCfg = Debug|Any CPU
		{E002BD3E-15D9-4D72-86BA-D42AD2A254C4}.Debug|x86.Build.0 = Debug|Any CPU
		{E002BD3E-15D9-4D72-86BA-D42AD2A254C4}.Release|Any CPU.ActiveCfg = Release|Any CPU
		{E002BD3E-15D9-4D72-86BA-D42AD2A254C4}.Release|Any CPU.Build.0 = Release|Any CPU
		{E002BD3E-15D9-4D72-86BA-D42AD2A254C4}.Release|x64.ActiveCfg = Release|x64
		{E002BD3E-15D9-4D72-86BA-D42AD2A254C4}.Release|x64.Build.0 = Release|x64
		{E002BD3E-15D9-4D72-86BA-D42AD2A254C4}.Release|x86.ActiveCfg = Release|Any CPU
		{E002BD3E-15D9-4D72-86BA-D42AD2A254C4}.Release|x86.Build.0 = Release|Any CPU
		{F24356AE-040B-48F1-B365-D1F8926EC6CB}.Debug|Any CPU.ActiveCfg = Debug|Any CPU
		{F24356AE-040B-48F1-B365-D1F8926EC6CB}.Debug|Any CPU.Build.0 = Debug|Any CPU
		{F24356AE-040B-48F1-B365-D1F8926EC6CB}.Debug|x64.ActiveCfg = Debug|x64
		{F24356AE-040B-48F1-B365-D1F8926EC6CB}.Debug|x64.Build.0 = Debug|x64
		{F24356AE-040B-48F1-B365-D1F8926EC6CB}.Debug|x86.ActiveCfg = Debug|Any CPU
		{F24356AE-040B-48F1-B365-D1F8926EC6CB}.Debug|x86.Build.0 = Debug|Any CPU
		{F24356AE-040B-48F1-B365-D1F8926EC6CB}.Release|Any CPU.ActiveCfg = Release|Any CPU
		{F24356AE-040B-48F1-B365-D1F8926EC6CB}.Release|Any CPU.Build.0 = Release|Any CPU
		{F24356AE-040B-48F1-B365-D1F8926EC6CB}.Release|x64.ActiveCfg = Release|x64
		{F24356AE-040B-48F1-B365-D1F8926EC6CB}.Release|x64.Build.0 = Release|x64
		{F24356AE-040B-48F1-B365-D1F8926EC6CB}.Release|x86.ActiveCfg = Release|Any CPU
		{F24356AE-040B-48F1-B365-D1F8926EC6CB}.Release|x86.Build.0 = Release|Any CPU
		{7C2E91ED-3FE1-4567-AFA3-418614BD0E6F}.Debug|Any CPU.ActiveCfg = Debug|Any CPU
		{7C2E91ED-3FE1-4567-AFA3-418614BD0E6F}.Debug|Any CPU.Build.0 = Debug|Any CPU
		{7C2E91ED-3FE1-4567-AFA3-418614BD0E6F}.Debug|x64.ActiveCfg = Debug|Any CPU
		{7C2E91ED-3FE1-4567-AFA3-418614BD0E6F}.Debug|x64.Build.0 = Debug|Any CPU
		{7C2E91ED-3FE1-4567-AFA3-418614BD0E6F}.Debug|x86.ActiveCfg = Debug|Any CPU
		{7C2E91ED-3FE1-4567-AFA3-418614BD0E6F}.Debug|x86.Build.0 = Debug|Any CPU
		{7C2E91ED-3FE1-4567-AFA3-418614BD0E6F}.Release|Any CPU.ActiveCfg = Release|Any CPU
		{7C2E91ED-3FE1-4567-AFA3-418614BD0E6F}.Release|Any CPU.Build.0 = Release|Any CPU
		{7C2E91ED-3FE1-4567-AFA3-418614BD0E6F}.Release|x64.ActiveCfg = Release|Any CPU
		{7C2E91ED-3FE1-4567-AFA3-418614BD0E6F}.Release|x64.Build.0 = Release|Any CPU
		{7C2E91ED-3FE1-4567-AFA3-418614BD0E6F}.Release|x86.ActiveCfg = Release|Any CPU
		{7C2E91ED-3FE1-4567-AFA3-418614BD0E6F}.Release|x86.Build.0 = Release|Any CPU
		{098550B1-8237-47C8-B2D6-1C7F0CF9B46B}.Debug|Any CPU.ActiveCfg = Debug|Any CPU
		{098550B1-8237-47C8-B2D6-1C7F0CF9B46B}.Debug|Any CPU.Build.0 = Debug|Any CPU
		{098550B1-8237-47C8-B2D6-1C7F0CF9B46B}.Debug|x64.ActiveCfg = Debug|x64
		{098550B1-8237-47C8-B2D6-1C7F0CF9B46B}.Debug|x64.Build.0 = Debug|x64
		{098550B1-8237-47C8-B2D6-1C7F0CF9B46B}.Debug|x86.ActiveCfg = Debug|Any CPU
		{098550B1-8237-47C8-B2D6-1C7F0CF9B46B}.Debug|x86.Build.0 = Debug|Any CPU
		{098550B1-8237-47C8-B2D6-1C7F0CF9B46B}.Release|Any CPU.ActiveCfg = Release|Any CPU
		{098550B1-8237-47C8-B2D6-1C7F0CF9B46B}.Release|Any CPU.Build.0 = Release|Any CPU
		{098550B1-8237-47C8-B2D6-1C7F0CF9B46B}.Release|x64.ActiveCfg = Release|x64
		{098550B1-8237-47C8-B2D6-1C7F0CF9B46B}.Release|x64.Build.0 = Release|x64
		{098550B1-8237-47C8-B2D6-1C7F0CF9B46B}.Release|x86.ActiveCfg = Release|Any CPU
		{098550B1-8237-47C8-B2D6-1C7F0CF9B46B}.Release|x86.Build.0 = Release|Any CPU
		{11666337-E7B6-4D4A-A356-EE1563D3E9E2}.Debug|Any CPU.ActiveCfg = Debug|Any CPU
		{11666337-E7B6-4D4A-A356-EE1563D3E9E2}.Debug|Any CPU.Build.0 = Debug|Any CPU
		{11666337-E7B6-4D4A-A356-EE1563D3E9E2}.Debug|x64.ActiveCfg = Debug|x64
		{11666337-E7B6-4D4A-A356-EE1563D3E9E2}.Debug|x64.Build.0 = Debug|x64
		{11666337-E7B6-4D4A-A356-EE1563D3E9E2}.Debug|x86.ActiveCfg = Debug|Any CPU
		{11666337-E7B6-4D4A-A356-EE1563D3E9E2}.Debug|x86.Build.0 = Debug|Any CPU
		{11666337-E7B6-4D4A-A356-EE1563D3E9E2}.Release|Any CPU.ActiveCfg = Release|Any CPU
		{11666337-E7B6-4D4A-A356-EE1563D3E9E2}.Release|Any CPU.Build.0 = Release|Any CPU
		{11666337-E7B6-4D4A-A356-EE1563D3E9E2}.Release|x64.ActiveCfg = Release|x64
		{11666337-E7B6-4D4A-A356-EE1563D3E9E2}.Release|x64.Build.0 = Release|x64
		{11666337-E7B6-4D4A-A356-EE1563D3E9E2}.Release|x86.ActiveCfg = Release|Any CPU
		{11666337-E7B6-4D4A-A356-EE1563D3E9E2}.Release|x86.Build.0 = Release|Any CPU
		{44B95C46-1620-4A68-B77D-520366E144F7}.Debug|Any CPU.ActiveCfg = Debug|Any CPU
		{44B95C46-1620-4A68-B77D-520366E144F7}.Debug|Any CPU.Build.0 = Debug|Any CPU
		{44B95C46-1620-4A68-B77D-520366E144F7}.Debug|x64.ActiveCfg = Debug|x64
		{44B95C46-1620-4A68-B77D-520366E144F7}.Debug|x64.Build.0 = Debug|x64
		{44B95C46-1620-4A68-B77D-520366E144F7}.Debug|x86.ActiveCfg = Debug|Any CPU
		{44B95C46-1620-4A68-B77D-520366E144F7}.Debug|x86.Build.0 = Debug|Any CPU
		{44B95C46-1620-4A68-B77D-520366E144F7}.Release|Any CPU.ActiveCfg = Release|Any CPU
		{44B95C46-1620-4A68-B77D-520366E144F7}.Release|Any CPU.Build.0 = Release|Any CPU
		{44B95C46-1620-4A68-B77D-520366E144F7}.Release|x64.ActiveCfg = Release|x64
		{44B95C46-1620-4A68-B77D-520366E144F7}.Release|x64.Build.0 = Release|x64
		{44B95C46-1620-4A68-B77D-520366E144F7}.Release|x86.ActiveCfg = Release|Any CPU
		{44B95C46-1620-4A68-B77D-520366E144F7}.Release|x86.Build.0 = Release|Any CPU
		{22E872FB-D8ED-4E5E-A479-E88DB6134308}.Debug|Any CPU.ActiveCfg = Debug|Any CPU
		{22E872FB-D8ED-4E5E-A479-E88DB6134308}.Debug|Any CPU.Build.0 = Debug|Any CPU
		{22E872FB-D8ED-4E5E-A479-E88DB6134308}.Debug|x64.ActiveCfg = Debug|x64
		{22E872FB-D8ED-4E5E-A479-E88DB6134308}.Debug|x64.Build.0 = Debug|x64
		{22E872FB-D8ED-4E5E-A479-E88DB6134308}.Debug|x86.ActiveCfg = Debug|Any CPU
		{22E872FB-D8ED-4E5E-A479-E88DB6134308}.Debug|x86.Build.0 = Debug|Any CPU
		{22E872FB-D8ED-4E5E-A479-E88DB6134308}.Release|Any CPU.ActiveCfg = Release|Any CPU
		{22E872FB-D8ED-4E5E-A479-E88DB6134308}.Release|Any CPU.Build.0 = Release|Any CPU
		{22E872FB-D8ED-4E5E-A479-E88DB6134308}.Release|x64.ActiveCfg = Release|x64
		{22E872FB-D8ED-4E5E-A479-E88DB6134308}.Release|x64.Build.0 = Release|x64
		{22E872FB-D8ED-4E5E-A479-E88DB6134308}.Release|x86.ActiveCfg = Release|Any CPU
		{22E872FB-D8ED-4E5E-A479-E88DB6134308}.Release|x86.Build.0 = Release|Any CPU
		{B69730C3-CC1F-4315-AA43-E1412AD96503}.Debug|Any CPU.ActiveCfg = Debug|Any CPU
		{B69730C3-CC1F-4315-AA43-E1412AD96503}.Debug|Any CPU.Build.0 = Debug|Any CPU
		{B69730C3-CC1F-4315-AA43-E1412AD96503}.Debug|x64.ActiveCfg = Debug|Any CPU
		{B69730C3-CC1F-4315-AA43-E1412AD96503}.Debug|x64.Build.0 = Debug|Any CPU
		{B69730C3-CC1F-4315-AA43-E1412AD96503}.Debug|x86.ActiveCfg = Debug|Any CPU
		{B69730C3-CC1F-4315-AA43-E1412AD96503}.Debug|x86.Build.0 = Debug|Any CPU
		{B69730C3-CC1F-4315-AA43-E1412AD96503}.Release|Any CPU.ActiveCfg = Release|Any CPU
		{B69730C3-CC1F-4315-AA43-E1412AD96503}.Release|Any CPU.Build.0 = Release|Any CPU
		{B69730C3-CC1F-4315-AA43-E1412AD96503}.Release|x64.ActiveCfg = Release|Any CPU
		{B69730C3-CC1F-4315-AA43-E1412AD96503}.Release|x64.Build.0 = Release|Any CPU
		{B69730C3-CC1F-4315-AA43-E1412AD96503}.Release|x86.ActiveCfg = Release|Any CPU
		{B69730C3-CC1F-4315-AA43-E1412AD96503}.Release|x86.Build.0 = Release|Any CPU
		{BCA33886-0BA9-4D63-ABB7-2108A97898EF}.Debug|Any CPU.ActiveCfg = Debug|Any CPU
		{BCA33886-0BA9-4D63-ABB7-2108A97898EF}.Debug|Any CPU.Build.0 = Debug|Any CPU
		{BCA33886-0BA9-4D63-ABB7-2108A97898EF}.Debug|x64.ActiveCfg = Debug|Any CPU
		{BCA33886-0BA9-4D63-ABB7-2108A97898EF}.Debug|x64.Build.0 = Debug|Any CPU
		{BCA33886-0BA9-4D63-ABB7-2108A97898EF}.Debug|x86.ActiveCfg = Debug|Any CPU
		{BCA33886-0BA9-4D63-ABB7-2108A97898EF}.Debug|x86.Build.0 = Debug|Any CPU
		{BCA33886-0BA9-4D63-ABB7-2108A97898EF}.Release|Any CPU.ActiveCfg = Release|Any CPU
		{BCA33886-0BA9-4D63-ABB7-2108A97898EF}.Release|Any CPU.Build.0 = Release|Any CPU
		{BCA33886-0BA9-4D63-ABB7-2108A97898EF}.Release|x64.ActiveCfg = Release|Any CPU
		{BCA33886-0BA9-4D63-ABB7-2108A97898EF}.Release|x64.Build.0 = Release|Any CPU
		{BCA33886-0BA9-4D63-ABB7-2108A97898EF}.Release|x86.ActiveCfg = Release|Any CPU
		{BCA33886-0BA9-4D63-ABB7-2108A97898EF}.Release|x86.Build.0 = Release|Any CPU
		{29043F2D-ADFA-42C9-B032-407A5E0210D1}.Debug|Any CPU.ActiveCfg = Debug|Any CPU
		{29043F2D-ADFA-42C9-B032-407A5E0210D1}.Debug|Any CPU.Build.0 = Debug|Any CPU
		{29043F2D-ADFA-42C9-B032-407A5E0210D1}.Debug|x64.ActiveCfg = Debug|x64
		{29043F2D-ADFA-42C9-B032-407A5E0210D1}.Debug|x64.Build.0 = Debug|x64
		{29043F2D-ADFA-42C9-B032-407A5E0210D1}.Debug|x86.ActiveCfg = Debug|Any CPU
		{29043F2D-ADFA-42C9-B032-407A5E0210D1}.Debug|x86.Build.0 = Debug|Any CPU
		{29043F2D-ADFA-42C9-B032-407A5E0210D1}.Release|Any CPU.ActiveCfg = Release|Any CPU
		{29043F2D-ADFA-42C9-B032-407A5E0210D1}.Release|Any CPU.Build.0 = Release|Any CPU
		{29043F2D-ADFA-42C9-B032-407A5E0210D1}.Release|x64.ActiveCfg = Release|x64
		{29043F2D-ADFA-42C9-B032-407A5E0210D1}.Release|x64.Build.0 = Release|x64
		{29043F2D-ADFA-42C9-B032-407A5E0210D1}.Release|x86.ActiveCfg = Release|Any CPU
		{29043F2D-ADFA-42C9-B032-407A5E0210D1}.Release|x86.Build.0 = Release|Any CPU
		{5B6EF467-A0CE-474B-87F0-F07FD2309CD3}.Debug|Any CPU.ActiveCfg = Debug|Any CPU
		{5B6EF467-A0CE-474B-87F0-F07FD2309CD3}.Debug|Any CPU.Build.0 = Debug|Any CPU
		{5B6EF467-A0CE-474B-87F0-F07FD2309CD3}.Debug|x64.ActiveCfg = Debug|Any CPU
		{5B6EF467-A0CE-474B-87F0-F07FD2309CD3}.Debug|x64.Build.0 = Debug|Any CPU
		{5B6EF467-A0CE-474B-87F0-F07FD2309CD3}.Debug|x86.ActiveCfg = Debug|Any CPU
		{5B6EF467-A0CE-474B-87F0-F07FD2309CD3}.Debug|x86.Build.0 = Debug|Any CPU
		{5B6EF467-A0CE-474B-87F0-F07FD2309CD3}.Release|Any CPU.ActiveCfg = Release|Any CPU
		{5B6EF467-A0CE-474B-87F0-F07FD2309CD3}.Release|Any CPU.Build.0 = Release|Any CPU
		{5B6EF467-A0CE-474B-87F0-F07FD2309CD3}.Release|x64.ActiveCfg = Release|Any CPU
		{5B6EF467-A0CE-474B-87F0-F07FD2309CD3}.Release|x64.Build.0 = Release|Any CPU
		{5B6EF467-A0CE-474B-87F0-F07FD2309CD3}.Release|x86.ActiveCfg = Release|Any CPU
		{5B6EF467-A0CE-474B-87F0-F07FD2309CD3}.Release|x86.Build.0 = Release|Any CPU
		{4D9A7C31-8E52-4B6F-A7D3-1E9C58D2F4B8}.Debug|Any CPU.ActiveCfg = Debug|Any CPU
		{4D9A7C31-8E52-4B6F-A7D3-1E9C58D2F4B8}.Debug|Any CPU.Build.0 = Debug|Any CPU
		{4D9A7C31-8E52-4B6F-A7D3-1E9C58D2F4B8}.Debug|x64.ActiveCfg = Debug|Any CPU
		{4D9A7C31-8E52-4B6F-A7D3-1E9C58D2F4B8}.Debug|x64.Build.0 = Debug|Any CPU
		{4D9A7C31-8E52-4B6F-A7D3-1E9C58D2F4B8}.Debug|x86.ActiveCfg = Debug|Any CPU
		{4D9A7C31-8E52-4B6F-A7D3-1E9C58D2F4B8}.Debug|x86.Build.0 = Debug|Any CPU
		{4D9A7C31-8E52-4B6F-A7D3-1E9C58D2F4B8}.Release|Any CPU.ActiveCfg = Release|Any CPU
		{4D9A7C31-8E52-4B6F-A7D3-1E9C58D2F4B8}.Release|Any CPU.Build.0 = Release|Any CPU
		{4D9A7C31-8E52-4B6F-A7D3-1E9C58D2F4B8}.Release|x64.ActiveCfg = Release|Any CPU
		{4D9A7C31-8E52-4B6F-A7D3-1E9C58D2F4B8}.Release|x64.Build.0 = Release|Any CPU
		{4D9A7C31-8E52-4B6F-A7D3-1E9C58D2F4B8}.Release|x86.ActiveCfg = Release|Any CPU
		{4D9A7C31-8E52-4B6F-A7D3-1E9C58D2F4B8}.Release|x86.Build.0 = Release|Any CPU
		{2E8B41C5-9F63-4D07-B4A2-6C1F93E7D5A9}.Debug|Any CPU.ActiveCfg = Debug|Any CPU
		{2E8B41C5-9F63-4D07-B4A2-6C1F93E7D5A9}.Debug|Any CPU.Build.0 = Debug|Any CPU
		{2E8B41C5-9F63-4D07-B4A2-6C1F93E7D5A9}.Debug|x64.ActiveCfg = Debug|Any CPU
		{2E8B41C5-9F63-4D07-B4A2-6C1F93E7D5A9}.Debug|x64.Build.0 = Debug|Any CPU
		{2E8B41C5-9F63-4D07-B4A2-6C1F93E7D5A9}.Debug|x86.ActiveCfg = Debug|Any CPU
		{2E8B41C5-9F63-4D07-B4A2-6C1F93E7D5A9}.Debug|x86.Build.0 = Debug|Any CPU
		{2E8B41C5-9F63-4D07-B4A2-6C1F93E7D5A9}.Release|Any CPU.ActiveCfg = Release|Any CPU
		{2E8B41C5-9F63-4D07-B4A2-6C1F93E7D5A9}.Release|Any CPU.Build.0 = Release|Any CPU
		{2E8B41C5-9F63-4D07-B4A2-6C1F93E7D5A9}.Release|x64.ActiveCfg = Release|Any CPU
		{2E8B41C5-9F63-4D07-B4A2-6C1F93E7D5A9}.Release|x64.Build.0 = Release|Any CPU
		{2E8B41C5-9F63-4D07-B4A2-6C1F93E7D5A9}.Release|x86.ActiveCfg = Release|Any CPU
		{2E8B41C5-9F63-4D07-B4A2-6C1F93E7D5A9}.Release|x86.Build.0 = Release|Any CPU
		{402A5F44-8EC0-410F-8915-9E0C83C9F8DB}.Debug|Any CPU.ActiveCfg = Debug|Any CPU
		{402A5F44-8EC0-410F-8915-9E0C83C9F8DB}.Debug|Any CPU.Build.0 = Debug|Any CPU
		{402A5F44-8EC0-410F-8915-9E0C83C9F8DB}.Debug|x64.ActiveCfg = Debug|Any CPU
		{402A5F44-8EC0-410F-8915-9E0C83C9F8DB}.Debug|x64.Build.0 = Debug|Any CPU
		{402A5F44-8EC0-410F-8915-9E0C83C9F8DB}.Debug|x86.ActiveCfg = Debug|Any CPU
		{402A5F44-8EC0-410F-8915-9E0C83C9F8DB}.Debug|x86.Build.0 = Debug|Any CPU
		{402A5F44-8EC0-410F-8915-9E0C83C9F8DB}.Release|Any CPU.ActiveCfg = Release|Any CPU
		{402A5F44-8EC0-410F-8915-9E0C83C9F8DB}.Release|Any CPU.Build.0 = Release|Any CPU
		{402A5F44-8EC0-410F-8915-9E0C83C9F8DB}.Release|x64.ActiveCfg = Release|Any CPU
		{402A5F44-8EC0-410F-8915-9E0C83C9F8DB}.Release|x64.Build.0 = Release|Any CPU
		{402A5F44-8EC0-410F-8915-9E0C83C9F8DB}.Release|x86.ActiveCfg = Release|Any CPU
		{402A5F44-8EC0-410F-8915-9E0C83C9F8DB}.Release|x86.Build.0 = Release|Any CPU
		{E497E402-53BA-430A-9E80-FC1235A3EED5}.Debug|Any CPU.ActiveCfg = Debug|Any CPU
		{E497E402-53BA-430A-9E80-FC1235A3EED5}.Debug|Any CPU.Build.0 = Debug|Any CPU
		{E497E402-53BA-430A-9E80-FC1235A3EED5}.Debug|x64.ActiveCfg = Debug|Any CPU
		{E497E402-53BA-430A-9E80-FC1235A3EED5}.Debug|x64.Build.0 = Debug|Any CPU
		{E497E402-53BA-430A-9E80-FC1235A3EED5}.Debug|x86.ActiveCfg = Debug|Any CPU
		{E497E402-53BA-430A-9E80-FC1235A3EED5}.Debug|x86.Build.0 = Debug|Any CPU
		{E497E402-53BA-430A-9E80-FC1235A3EED5}.Release|Any CPU.ActiveCfg = Release|Any CPU
		{E497E402-53BA-430A-9E80-FC1235A3EED5}.Release|Any CPU.Build.0 = Release|Any CPU
		{E497E402-53BA-430A-9E80-FC1235A3EED5}.Release|x64.ActiveCfg = Release|Any CPU
		{E497E402-53BA-430A-9E80-FC1235A3EED5}.Release|x64.Build.0 = Release|Any CPU
		{E497E402-53BA-430A-9E80-FC1235A3EED5}.Release|x86.ActiveCfg = Release|Any CPU
		{E497E402-53BA-430A-9E80-FC1235A3EED5}.Release|x86.Build.0 = Release|Any CPU
		{6A389139-4420-4DA5-AC7F-0D7760508486}.Debug|Any CPU.ActiveCfg = Debug|Any CPU
		{6A389139-4420-4DA5-AC7F-0D7760508486}.Debug|Any CPU.Build.0 = Debug|Any CPU
		{6A389139-4420-4DA5-AC7F-0D7760508486}.Debug|x64.ActiveCfg = Debug|x64
		{6A389139-4420-4DA5-AC7F-0D7760508486}.Debug|x64.Build.0 = Debug|x64
		{6A389139-4420-4DA5-AC7F-0D7760508486}.Debug|x86.ActiveCfg = Debug|Any CPU
		{6A389139-4420-4DA5-AC7F-0D7760508486}.Debug|x86.Build.0 = Debug|Any CPU
		{6A389139-4420-4DA5-AC7F-0D7760508486}.Release|Any CPU.ActiveCfg = Release|Any CPU
		{6A389139-4420-4DA5-AC7F-0D7760508486}.Release|Any CPU.Build.0 = Release|Any CPU
		{6A389139-4420-4DA5-AC7F-0D7760508486}.Release|x64.ActiveCfg = Release|x64
		{6A389139-4420-4DA5-AC7F-0D7760508486}.Release|x64.Build.0 = Release|x64
		{6A389139-4420-4DA5-AC7F-0D7760508486}.Release|x86.ActiveCfg = Release|Any CPU
		{6A389139-4420-4DA5-AC7F-0D7760508486}.Release|x86.Build.0 = Release|Any CPU
		{C3D276FA-7B7B-4523-9C47-73A16F46931E}.Debug|Any CPU.ActiveCfg = Debug|Any CPU
		{C3D276FA-7B7B-4523-9C47-73A16F46931E}.Debug|Any CPU.Build.0 = Debug|Any CPU
		{C3D276FA-7B7B-4523-9C47-73A16F46931E}.Debug|x64.ActiveCfg = Debug|Any CPU
		{C3D276FA-7B7B-4523-9C47-73A16F46931E}.Debug|x64.Build.0 = Debug|Any CPU
		{C3D276FA-7B7B-4523-9C47-73A16F46931E}.Debug|x86.ActiveCfg = Debug|Any CPU
		{C3D276FA-7B7B-4523-9C47-73A16F46931E}.Debug|x86.Build.0 = Debug|Any CPU
		{C3D276FA-7B7B-4523-9C47-73A16F46931E}.Release|Any CPU.ActiveCfg = Release|Any CPU
		{C3D276FA-7B7B-4523-9C47-73A16F46931E}.Release|Any CPU.Build.0 = Release|Any CPU
		{C3D276FA-7B7B-4523-9C47-73A16F46931E}.Release|x64.ActiveCfg = Release|Any CPU
		{C3D276FA-7B7B-4523-9C47-73A16F46931E}.Release|x64.Build.0 = Release|Any CPU
		{C3D276FA-7B7B-4523-9C47-73A16F46931E}.Release|x86.ActiveCfg = Release|Any CPU
		{C3D276FA-7B7B-4523-9C47-73A16F46931E}.Release|x86.Build.0 = Release|Any CPU
	EndGlobalSection
	GlobalSection(SolutionProperties) = preSolution
		HideSolutionNode = FALSE
	EndGlobalSection
	GlobalSection(NestedProjects) = preSolution
		{31321700-1B2C-4DF5-B6C5-BCCD32910C9C} = {CDCACED8-01E0-946F-CE03-1CB45B041332}
		{A156BF8B-043E-47B0-97AB-CC08D67E710E} = {CDCACED8-01E0-946F-CE03-1CB45B041332}
		{16D0105C-6B68-4FDB-A8C3-98731E192368} = {A6A20304-7229-D7EA-BEB0-AF5524780D24}
		{50B2F8B7-DE3D-4818-9248-DDECCCF933E0} = {A6A20304-7229-D7EA-BEB0-AF5524780D24}
		{CC6A4C52-119B-4919-A554-CF69F93C8E7E} = {11BA1C56-8212-3D32-2AC1-634A9E9255CD}
		{E002BD3E-15D9-4D72-86BA-D42AD2A254C4} = {A325CC2B-178A-5D68-E280-D7D79B129E2D}
		{F24356AE-040B-48F1-B365-D1F8926EC6CB} = {CB233BCB-9E6B-80D4-8D03-EBCA7BAD30C7}
		{7C2E91ED-3FE1-4567-AFA3-418614BD0E6F} = {CB233BCB-9E6B-80D4-8D03-EBCA7BAD30C7}
		{098550B1-8237-47C8-B2D6-1C7F0CF9B46B} = {7BEF3866-56CB-05A0-E590-ECCDA1FD844B}
		{11666337-E7B6-4D4A-A356-EE1563D3E9E2} = {68851BBF-9C41-94B5-F70E-C3A28E90434C}
		{44B95C46-1620-4A68-B77D-520366E144F7} = {FD25A030-B71C-C3CC-0692-32BE45236A50}
		{22E872FB-D8ED-4E5E-A479-E88DB6134308} = {FC5EFD15-23E5-E65A-37A8-9140C32AFA2F}
		{B69730C3-CC1F-4315-AA43-E1412AD96503} = {7BEF3866-56CB-05A0-E590-ECCDA1FD844B}
		{BCA33886-0BA9-4D63-ABB7-2108A97898EF} = {FD25A030-B71C-C3CC-0692-32BE45236A50}
		{29043F2D-ADFA-42C9-B032-407A5E0210D1} = {9E3E4913-7E10-9607-0F97-F12A9A4FD240}
		{5B6EF467-A0CE-474B-87F0-F07FD2309CD3} = {9E3E4913-7E10-9607-0F97-F12A9A4FD240}
		{4D9A7C31-8E52-4B6F-A7D3-1E9C58D2F4B8} = {A325CC2B-178A-5D68-E280-D7D79B129E2D}
		{2E8B41C5-9F63-4D07-B4A2-6C1F93E7D5A9} = {68851BBF-9C41-94B5-F70E-C3A28E90434C}
		{402A5F44-8EC0-410F-8915-9E0C83C9F8DB} = {FC5EFD15-23E5-E65A-37A8-9140C32AFA2F}
		{E497E402-53BA-430A-9E80-FC1235A3EED5} = {11BA1C56-8212-3D32-2AC1-634A9E9255CD}
		{6A389139-4420-4DA5-AC7F-0D7760508486} = {0E6AE0D0-7338-4417-867A-2AC698349859}
		{C3D276FA-7B7B-4523-9C47-73A16F46931E} = {0E6AE0D0-7338-4417-867A-2AC698349859}
	EndGlobalSection
EndGlobal
